{
  "name": "transcription-service",
  "version": "1.0.0",
  "lockfileVersion": 3,
  "requires": true,
  "packages": {
    "": {
      "name": "transcription-service",
      "version": "1.0.0",
      "license": "ISC",
      "workspaces": [
        "packages/*"
      ]
    },
    "node_modules/api": {
      "resolved": "packages/api",
      "link": true
    },
    "node_modules/cdk": {
      "resolved": "packages/cdk",
      "link": true
    },
    "packages/api": {
      "version": "1.0.0",
      "license": "ISC"
    },
    "packages/cdk": {
      "version": "1.0.0",
      "license": "ISC"
    }
  }
}
